<?xml version="1.0" encoding="utf-8"?>
<Project ToolsVersion="4.0" xmlns="http://schemas.microsoft.com/developer/msbuild/2003">
  <ItemGroup>
    <ClCompile Include="framework\Window.cpp">
      <Filter>Framework</Filter>
    </ClCompile>
    <ClCompile Include="framework\FileHelper.cpp">
      <Filter>Framework</Filter>
    </ClCompile>
    <ClCompile Include="framework\tgl.c">
      <Filter>Framework</Filter>
    </ClCompile>
    <ClCompile Include="src\main.cpp">
      <Filter>Source Files</Filter>
    </ClCompile>
    <ClCompile Include="src\Mesh.cpp">
      <Filter>Source Files</Filter>
    </ClCompile>
    <ClCompile Include="src\MyController.cpp">
      <Filter>Source Files</Filter>
    </ClCompile>
    <ClCompile Include="src\MyScene.cpp">
      <Filter>Source Files</Filter>
    </ClCompile>
    <ClCompile Include="src\MyView.cpp">
      <Filter>Source Files</Filter>
    </ClCompile>
    <ClCompile Include="src\Shader.cpp">
      <Filter>Source Files</Filter>
    </ClCompile>
  </ItemGroup>
  <ItemGroup>
    <ClInclude Include="framework\Window.hpp">
      <Filter>Framework</Filter>
    </ClInclude>
    <ClInclude Include="framework\WindowControlDelegate.hpp">
      <Filter>Framework</Filter>
    </ClInclude>
    <ClInclude Include="framework\WindowViewDelegate.hpp">
      <Filter>Framework</Filter>
    </ClInclude>
    <ClInclude Include="framework\FileHelper.hpp">
      <Filter>Framework</Filter>
    </ClInclude>
    <ClInclude Include="framework\tgl.h">
      <Filter>Framework</Filter>
    </ClInclude>
    <ClInclude Include="framework\Image.hpp">
      <Filter>Framework</Filter>
    </ClInclude>
    <ClInclude Include="src\FirstPersonMovement.hpp">
      <Filter>Header Files</Filter>
    </ClInclude>
    <ClInclude Include="src\Mesh.h">
      <Filter>Header Files</Filter>
    </ClInclude>
    <ClInclude Include="src\MyController.hpp">
      <Filter>Header Files</Filter>
    </ClInclude>
    <ClInclude Include="src\MyScene.hpp">
      <Filter>Header Files</Filter>
    </ClInclude>
    <ClInclude Include="src\MyView.hpp">
      <Filter>Header Files</Filter>
    </ClInclude>
    <ClInclude Include="src\Shader.h">
      <Filter>Header Files</Filter>
    </ClInclude>
  </ItemGroup>
  <ItemGroup>
    <Filter Include="Framework">
      <UniqueIdentifier>{7d9a518e-bcee-48cb-80a4-1c91d5d1d5e3}</UniqueIdentifier>
    </Filter>
    <Filter Include="Source Files">
      <UniqueIdentifier>{cbea5698-34ad-4b1a-a2ba-e75002e1800e}</UniqueIdentifier>
      <Extensions>*.c;*.cpp</Extensions>
    </Filter>
    <Filter Include="Header Files">
      <UniqueIdentifier>{6f10090a-dff7-4d1b-a6c9-9004e849a35d}</UniqueIdentifier>
      <Extensions>*.h;*.hpp</Extensions>
    </Filter>
    <Filter Include="Shader Files">
      <UniqueIdentifier>{67222cb8-4d90-4a6e-bc74-212109e48c9c}</UniqueIdentifier>
      <Extensions>*.glsl</Extensions>
    </Filter>
    <Filter Include="Shader Files\lighting">
      <UniqueIdentifier>{b46a0524-c12a-407b-9182-4cee6074bfba}</UniqueIdentifier>
    </Filter>
    <Filter Include="Shader Files\antialiasing">
      <UniqueIdentifier>{f89acbfb-3ffb-409e-b436-2cee99fcc361}</UniqueIdentifier>
    </Filter>
  </ItemGroup>
  <ItemGroup>
    <None Include="shaders\ambient_fs.glsl">
      <Filter>Shader Files</Filter>
    </None>
    <None Include="shaders\ambient_vs.glsl">
      <Filter>Shader Files</Filter>
    </None>
    <None Include="shaders\gbuffer_fs.glsl">
      <Filter>Shader Files</Filter>
    </None>
    <None Include="shaders\gbuffer_vs.glsl">
      <Filter>Shader Files</Filter>
    </None>
    <None Include="shaders\pointlight_fs.glsl">
      <Filter>Shader Files</Filter>
    </None>
    <None Include="shaders\pointlight_vs.glsl">
      <Filter>Shader Files</Filter>
    </None>
    <None Include="shaders\postprocessing_fs.glsl">
      <Filter>Shader Files</Filter>
    </None>
    <None Include="shaders\postprocessing_vs.glsl">
      <Filter>Shader Files</Filter>
    </None>
    <None Include="shaders\lighting\directionalLight.fs">
      <Filter>Shader Files\lighting</Filter>
    </None>
    <None Include="shaders\antialiasing\blur.fs">
      <Filter>Shader Files\antialiasing</Filter>
    </None>
    <None Include="shaders\antialiasing\edge-detetion.fs">
      <Filter>Shader Files\antialiasing</Filter>
    </None>
    <None Include="shaders\antialiasing\SMAA.fs">
      <Filter>Shader Files\antialiasing</Filter>
    </None>
    <None Include="shaders\spotlight_fs.glsl">
      <Filter>Shader Files</Filter>
    </None>
    <None Include="shaders\spotlight_vs.glsl">
      <Filter>Shader Files</Filter>
    </None>
  </ItemGroup>
</Project>