<?xml version="1.0" encoding="utf-8"?>
<Project ToolsVersion="4.0" xmlns="http://schemas.microsoft.com/developer/msbuild/2003">
  <ItemGroup>
    <ClCompile Include="source\main.cpp" />
    <ClCompile Include="framework\FileHelper.cpp">
      <Filter>_framework\source files</Filter>
    </ClCompile>
    <ClCompile Include="framework\tgl.c">
      <Filter>_framework\source files</Filter>
    </ClCompile>
    <ClCompile Include="framework\Window.cpp">
      <Filter>_framework\source files</Filter>
    </ClCompile>
    <ClCompile Include="helper\MyController.cpp">
      <Filter>_helper\source files</Filter>
    </ClCompile>
    <ClCompile Include="helper\MyView.cpp">
      <Filter>_helper\source files</Filter>
    </ClCompile>
    <ClCompile Include="helper\TcfScene.cpp">
      <Filter>_helper\source files</Filter>
    </ClCompile>
    <ClCompile Include="source\Camera.cpp">
      <Filter>source files</Filter>
    </ClCompile>
    <ClCompile Include="source\Mesh.cpp">
      <Filter>source files</Filter>
    </ClCompile>
    <ClCompile Include="source\Shader.cpp">
      <Filter>source files</Filter>
    </ClCompile>
  </ItemGroup>
  <ItemGroup>
    <ClInclude Include="framework\FileHelper.hpp">
      <Filter>_framework\header files</Filter>
    </ClInclude>
    <ClInclude Include="framework\tgl.h">
      <Filter>_framework\header files</Filter>
    </ClInclude>
    <ClInclude Include="framework\Window.hpp">
      <Filter>_framework\header files</Filter>
    </ClInclude>
    <ClInclude Include="framework\WindowControlDelegate.hpp">
      <Filter>_framework\header files</Filter>
    </ClInclude>
    <ClInclude Include="framework\WindowViewDelegate.hpp">
      <Filter>_framework\header files</Filter>
    </ClInclude>
    <ClInclude Include="helper\MyController.hpp">
      <Filter>_helper\header files</Filter>
    </ClInclude>
    <ClInclude Include="helper\MyView.hpp">
      <Filter>_helper\header files</Filter>
    </ClInclude>
    <ClInclude Include="helper\TcfScene.hpp">
      <Filter>_helper\header files</Filter>
    </ClInclude>
    <ClInclude Include="source\Mesh.h">
      <Filter>header files</Filter>
    </ClInclude>
    <ClInclude Include="source\Camera.h">
      <Filter>header files</Filter>
    </ClInclude>
    <ClInclude Include="source\Shader.h">
      <Filter>header files</Filter>
    </ClInclude>
  </ItemGroup>
  <ItemGroup>
    <Filter Include="source files">
      <UniqueIdentifier>{3d97c260-ebbc-4023-b805-b6f4cbe88e22}</UniqueIdentifier>
    </Filter>
    <Filter Include="header files">
      <UniqueIdentifier>{f6bd6d15-eec8-4745-88a8-fc6dc7280e06}</UniqueIdentifier>
    </Filter>
    <Filter Include="_framework">
      <UniqueIdentifier>{6e3ac2b1-da02-49a5-91fc-4de64953a64b}</UniqueIdentifier>
    </Filter>
    <Filter Include="_framework\source files">
      <UniqueIdentifier>{4e29c6ef-1fed-4bfb-8f85-0c6d536517c7}</UniqueIdentifier>
    </Filter>
    <Filter Include="_framework\header files">
      <UniqueIdentifier>{9fbf06a9-0cbe-41e3-aa72-2c51e60f6cf8}</UniqueIdentifier>
    </Filter>
    <Filter Include="_helper">
      <UniqueIdentifier>{a07ef843-bbfc-4040-832b-440c3f5fd362}</UniqueIdentifier>
    </Filter>
    <Filter Include="_helper\source files">
      <UniqueIdentifier>{20a46f3d-a2d6-4a9d-86b3-ac206f0a2229}</UniqueIdentifier>
    </Filter>
    <Filter Include="_helper\header files">
      <UniqueIdentifier>{6ef3ddb1-f8c5-48cb-b2f7-9064277cbffd}</UniqueIdentifier>
    </Filter>
  </ItemGroup>
</Project>